
Microsoft Visual Studio Solution File, Format Version 12.00
# Visual Studio Version 17
VisualStudioVersion = 17.0.32014.148
MinimumVisualStudioVersion = 10.0.40219.1
Project("{FAE04EC0-301F-11D3-BF4B-00C04F79EFBC}") = "ShoppingApplication", "ShoppingApplication\ShoppingApplication.csproj", "{70295572-B5BF-4982-8FF2-5D01702FB75B}"
EndProject
Global
	GlobalSection(SolutionConfigurationPlatforms) = preSolution
		Debug|Any CPU = Debug|Any CPU
		Release|Any CPU = Release|Any CPU
	EndGlobalSection
	GlobalSection(ProjectConfigurationPlatforms) = postSolution
		{70295572-B5BF-4982-8FF2-5D01702FB75B}.Debug|Any CPU.ActiveCfg = Debug|Any CPU
		{70295572-B5BF-4982-8FF2-5D01702FB75B}.Debug|Any CPU.Build.0 = Debug|Any CPU
		{70295572-B5BF-4982-8FF2-5D01702FB75B}.Release|Any CPU.ActiveCfg = Release|Any CPU
		{70295572-B5BF-4982-8FF2-5D01702FB75B}.Release|Any CPU.Build.0 = Release|Any CPU
	EndGlobalSection
	GlobalSection(SolutionProperties) = preSolution
		HideSolutionNode = FALSE
	EndGlobalSection
	GlobalSection(ExtensibilityGlobals) = postSolution
		SolutionGuid = {D2FC6F39-D705-42AE-B8E2-59A053EBB7FD}
	EndGlobalSection
EndGlobal
